// !$*UTF8*$!
{
	archiveVersion = 1;
	classes = {
	};
	objectVersion = 50;
	objects = {

/* Begin PBXBuildFile section */
		B06C9CDD238E004C003F1E1B /* AppDelegate.m in Sources */ = {isa = PBXBuildFile; fileRef = B06C9CDC238E004C003F1E1B /* AppDelegate.m */; };
		B06C9CE0238E004C003F1E1B /* SceneDelegate.m in Sources */ = {isa = PBXBuildFile; fileRef = B06C9CDF238E004C003F1E1B /* SceneDelegate.m */; };
		B06C9CE3238E004C003F1E1B /* ViewController.m in Sources */ = {isa = PBXBuildFile; fileRef = B06C9CE2238E004C003F1E1B /* ViewController.m */; };
		B06C9CE6238E004C003F1E1B /* Main.storyboard in Resources */ = {isa = PBXBuildFile; fileRef = B06C9CE4238E004C003F1E1B /* Main.storyboard */; };
		B06C9CE8238E004D003F1E1B /* Assets.xcassets in Resources */ = {isa = PBXBuildFile; fileRef = B06C9CE7238E004D003F1E1B /* Assets.xcassets */; };
		B06C9CEB238E004D003F1E1B /* LaunchScreen.storyboard in Resources */ = {isa = PBXBuildFile; fileRef = B06C9CE9238E004D003F1E1B /* LaunchScreen.storyboard */; };
		B06C9CEE238E004D003F1E1B /* main.m in Sources */ = {isa = PBXBuildFile; fileRef = B06C9CED238E004D003F1E1B /* main.m */; };
		B06C9CF8238E004D003F1E1B /* JenkinsTestTests.m in Sources */ = {isa = PBXBuildFile; fileRef = B06C9CF7238E004D003F1E1B /* JenkinsTestTests.m */; };
		B06C9D03238E004D003F1E1B /* JenkinsTestUITests.m in Sources */ = {isa = PBXBuildFile; fileRef = B06C9D02238E004D003F1E1B /* JenkinsTestUITests.m */; };
/* End PBXBuildFile section */

/* Begin PBXContainerItemProxy section */
		B06C9CF4238E004D003F1E1B /* PBXContainerItemProxy */ = {
			isa = PBXContainerItemProxy;
			containerPortal = B06C9CD0238E004C003F1E1B /* Project object */;
			proxyType = 1;
			remoteGlobalIDString = B06C9CD7238E004C003F1E1B;
			remoteInfo = JenkinsTest;
		};
		B06C9CFF238E004D003F1E1B /* PBXContainerItemProxy */ = {
			isa = PBXContainerItemProxy;
			containerPortal = B06C9CD0238E004C003F1E1B /* Project object */;
			proxyType = 1;
			remoteGlobalIDString = B06C9CD7238E004C003F1E1B;
			remoteInfo = JenkinsTest;
		};
/* End PBXContainerItemProxy section */

/* Begin PBXFileReference section */
		B06C9CD8238E004C003F1E1B /* JenkinsTest.app */ = {isa = PBXFileReference; explicitFileType = wrapper.application; includeInIndex = 0; path = JenkinsTest.app; sourceTree = BUILT_PRODUCTS_DIR; };
		B06C9CDB238E004C003F1E1B /* AppDelegate.h */ = {isa = PBXFileReference; lastKnownFileType = sourcecode.c.h; path = AppDelegate.h; sourceTree = "<group>"; };
		B06C9CDC238E004C003F1E1B /* AppDelegate.m */ = {isa = PBXFileReference; lastKnownFileType = sourcecode.c.objc; path = AppDelegate.m; sourceTree = "<group>"; };
		B06C9CDE238E004C003F1E1B /* SceneDelegate.h */ = {isa = PBXFileReference; lastKnownFileType = sourcecode.c.h; path = SceneDelegate.h; sourceTree = "<group>"; };
		B06C9CDF238E004C003F1E1B /* SceneDelegate.m */ = {isa = PBXFileReference; lastKnownFileType = sourcecode.c.objc; path = SceneDelegate.m; sourceTree = "<group>"; };
		B06C9CE1238E004C003F1E1B /* ViewController.h */ = {isa = PBXFileReference; lastKnownFileType = sourcecode.c.h; path = ViewController.h; sourceTree = "<group>"; };
		B06C9CE2238E004C003F1E1B /* ViewController.m */ = {isa = PBXFileReference; lastKnownFileType = sourcecode.c.objc; path = ViewController.m; sourceTree = "<group>"; };
		B06C9CE5238E004C003F1E1B /* Base */ = {isa = PBXFileReference; lastKnownFileType = file.storyboard; name = Base; path = Base.lproj/Main.storyboard; sourceTree = "<group>"; };
		B06C9CE7238E004D003F1E1B /* Assets.xcassets */ = {isa = PBXFileReference; lastKnownFileType = folder.assetcatalog; path = Assets.xcassets; sourceTree = "<group>"; };
		B06C9CEA238E004D003F1E1B /* Base */ = {isa = PBXFileReference; lastKnownFileType = file.storyboard; name = Base; path = Base.lproj/LaunchScreen.storyboard; sourceTree = "<group>"; };
		B06C9CEC238E004D003F1E1B /* Info.plist */ = {isa = PBXFileReference; lastKnownFileType = text.plist.xml; path = Info.plist; sourceTree = "<group>"; };
		B06C9CED238E004D003F1E1B /* main.m */ = {isa = PBXFileReference; lastKnownFileType = sourcecode.c.objc; path = main.m; sourceTree = "<group>"; };
		B06C9CF3238E004D003F1E1B /* JenkinsTestTests.xctest */ = {isa = PBXFileReference; explicitFileType = wrapper.cfbundle; includeInIndex = 0; path = JenkinsTestTests.xctest; sourceTree = BUILT_PRODUCTS_DIR; };
		B06C9CF7238E004D003F1E1B /* JenkinsTestTests.m */ = {isa = PBXFileReference; lastKnownFileType = sourcecode.c.objc; path = JenkinsTestTests.m; sourceTree = "<group>"; };
		B06C9CF9238E004D003F1E1B /* Info.plist */ = {isa = PBXFileReference; lastKnownFileType = text.plist.xml; path = Info.plist; sourceTree = "<group>"; };
		B06C9CFE238E004D003F1E1B /* JenkinsTestUITests.xctest */ = {isa = PBXFileReference; explicitFileType = wrapper.cfbundle; includeInIndex = 0; path = JenkinsTestUITests.xctest; sourceTree = BUILT_PRODUCTS_DIR; };
		B06C9D02238E004D003F1E1B /* JenkinsTestUITests.m */ = {isa = PBXFileReference; lastKnownFileType = sourcecode.c.objc; path = JenkinsTestUITests.m; sourceTree = "<group>"; };
		B06C9D04238E004D003F1E1B /* Info.plist */ = {isa = PBXFileReference; lastKnownFileType = text.plist.xml; path = Info.plist; sourceTree = "<group>"; };
/* End PBXFileReference section */

/* Begin PBXFrameworksBuildPhase section */
		B06C9CD5238E004C003F1E1B /* Frameworks */ = {
			isa = PBXFrameworksBuildPhase;
			buildActionMask = 2147483647;
			files = (
			);
			runOnlyForDeploymentPostprocessing = 0;
		};
		B06C9CF0238E004D003F1E1B /* Frameworks */ = {
			isa = PBXFrameworksBuildPhase;
			buildActionMask = 2147483647;
			files = (
			);
			runOnlyForDeploymentPostprocessing = 0;
		};
		B06C9CFB238E004D003F1E1B /* Frameworks */ = {
			isa = PBXFrameworksBuildPhase;
			buildActionMask = 2147483647;
			files = (
			);
			runOnlyForDeploymentPostprocessing = 0;
		};
/* End PBXFrameworksBuildPhase section */

/* Begin PBXGroup section */
		B06C9CCF238E004C003F1E1B = {
			isa = PBXGroup;
			children = (
				B06C9CDA238E004C003F1E1B /* JenkinsTest */,
				B06C9CF6238E004D003F1E1B /* JenkinsTestTests */,
				B06C9D01238E004D003F1E1B /* JenkinsTestUITests */,
				B06C9CD9238E004C003F1E1B /* Products */,
			);
			sourceTree = "<group>";
		};
		B06C9CD9238E004C003F1E1B /* Products */ = {
			isa = PBXGroup;
			children = (
				B06C9CD8238E004C003F1E1B /* JenkinsTest.app */,
				B06C9CF3238E004D003F1E1B /* JenkinsTestTests.xctest */,
				B06C9CFE238E004D003F1E1B /* JenkinsTestUITests.xctest */,
			);
			name = Products;
			sourceTree = "<group>";
		};
		B06C9CDA238E004C003F1E1B /* JenkinsTest */ = {
			isa = PBXGroup;
			children = (
				B06C9CDB238E004C003F1E1B /* AppDelegate.h */,
				B06C9CDC238E004C003F1E1B /* AppDelegate.m */,
				B06C9CDE238E004C003F1E1B /* SceneDelegate.h */,
				B06C9CDF238E004C003F1E1B /* SceneDelegate.m */,
				B06C9CE1238E004C003F1E1B /* ViewController.h */,
				B06C9CE2238E004C003F1E1B /* ViewController.m */,
				B06C9CE4238E004C003F1E1B /* Main.storyboard */,
				B06C9CE7238E004D003F1E1B /* Assets.xcassets */,
				B06C9CE9238E004D003F1E1B /* LaunchScreen.storyboard */,
				B06C9CEC238E004D003F1E1B /* Info.plist */,
				B06C9CED238E004D003F1E1B /* main.m */,
			);
			path = JenkinsTest;
			sourceTree = "<group>";
		};
		B06C9CF6238E004D003F1E1B /* JenkinsTestTests */ = {
			isa = PBXGroup;
			children = (
				B06C9CF7238E004D003F1E1B /* JenkinsTestTests.m */,
				B06C9CF9238E004D003F1E1B /* Info.plist */,
			);
			path = JenkinsTestTests;
			sourceTree = "<group>";
		};
		B06C9D01238E004D003F1E1B /* JenkinsTestUITests */ = {
			isa = PBXGroup;
			children = (
				B06C9D02238E004D003F1E1B /* JenkinsTestUITests.m */,
				B06C9D04238E004D003F1E1B /* Info.plist */,
			);
			path = JenkinsTestUITests;
			sourceTree = "<group>";
		};
/* End PBXGroup section */

/* Begin PBXNativeTarget section */
		B06C9CD7238E004C003F1E1B /* JenkinsTest */ = {
			isa = PBXNativeTarget;
			buildConfigurationList = B06C9D07238E004D003F1E1B /* Build configuration list for PBXNativeTarget "JenkinsTest" */;
			buildPhases = (
				B06C9CD4238E004C003F1E1B /* Sources */,
				B06C9CD5238E004C003F1E1B /* Frameworks */,
				B06C9CD6238E004C003F1E1B /* Resources */,
			);
			buildRules = (
			);
			dependencies = (
			);
			name = JenkinsTest;
			productName = JenkinsTest;
			productReference = B06C9CD8238E004C003F1E1B /* JenkinsTest.app */;
			productType = "com.apple.product-type.application";
		};
		B06C9CF2238E004D003F1E1B /* JenkinsTestTests */ = {
			isa = PBXNativeTarget;
			buildConfigurationList = B06C9D0A238E004D003F1E1B /* Build configuration list for PBXNativeTarget "JenkinsTestTests" */;
			buildPhases = (
				B06C9CEF238E004D003F1E1B /* Sources */,
				B06C9CF0238E004D003F1E1B /* Frameworks */,
				B06C9CF1238E004D003F1E1B /* Resources */,
			);
			buildRules = (
			);
			dependencies = (
				B06C9CF5238E004D003F1E1B /* PBXTargetDependency */,
			);
			name = JenkinsTestTests;
			productName = JenkinsTestTests;
			productReference = B06C9CF3238E004D003F1E1B /* JenkinsTestTests.xctest */;
			productType = "com.apple.product-type.bundle.unit-test";
		};
		B06C9CFD238E004D003F1E1B /* JenkinsTestUITests */ = {
			isa = PBXNativeTarget;
			buildConfigurationList = B06C9D0D238E004D003F1E1B /* Build configuration list for PBXNativeTarget "JenkinsTestUITests" */;
			buildPhases = (
				B06C9CFA238E004D003F1E1B /* Sources */,
				B06C9CFB238E004D003F1E1B /* Frameworks */,
				B06C9CFC238E004D003F1E1B /* Resources */,
			);
			buildRules = (
			);
			dependencies = (
				B06C9D00238E004D003F1E1B /* PBXTargetDependency */,
			);
			name = JenkinsTestUITests;
			productName = JenkinsTestUITests;
			productReference = B06C9CFE238E004D003F1E1B /* JenkinsTestUITests.xctest */;
			productType = "com.apple.product-type.bundle.ui-testing";
		};
/* End PBXNativeTarget section */

/* Begin PBXProject section */
		B06C9CD0238E004C003F1E1B /* Project object */ = {
			isa = PBXProject;
			attributes = {
				LastUpgradeCheck = 1120;
				ORGANIZATIONNAME = bkun;
				TargetAttributes = {
					B06C9CD7238E004C003F1E1B = {
						CreatedOnToolsVersion = 11.2.1;
					};
					B06C9CF2238E004D003F1E1B = {
						CreatedOnToolsVersion = 11.2.1;
						TestTargetID = B06C9CD7238E004C003F1E1B;
					};
					B06C9CFD238E004D003F1E1B = {
						CreatedOnToolsVersion = 11.2.1;
						TestTargetID = B06C9CD7238E004C003F1E1B;
					};
				};
			};
			buildConfigurationList = B06C9CD3238E004C003F1E1B /* Build configuration list for PBXProject "JenkinsTest" */;
			compatibilityVersion = "Xcode 9.3";
			developmentRegion = en;
			hasScannedForEncodings = 0;
			knownRegions = (
				en,
				Base,
			);
			mainGroup = B06C9CCF238E004C003F1E1B;
			productRefGroup = B06C9CD9238E004C003F1E1B /* Products */;
			projectDirPath = "";
			projectRoot = "";
			targets = (
				B06C9CD7238E004C003F1E1B /* JenkinsTest */,
				B06C9CF2238E004D003F1E1B /* JenkinsTestTests */,
				B06C9CFD238E004D003F1E1B /* JenkinsTestUITests */,
			);
		};
/* End PBXProject section */

/* Begin PBXResourcesBuildPhase section */
		B06C9CD6238E004C003F1E1B /* Resources */ = {
			isa = PBXResourcesBuildPhase;
			buildActionMask = 2147483647;
			files = (
				B06C9CEB238E004D003F1E1B /* LaunchScreen.storyboard in Resources */,
				B06C9CE8238E004D003F1E1B /* Assets.xcassets in Resources */,
				B06C9CE6238E004C003F1E1B /* Main.storyboard in Resources */,
			);
			runOnlyForDeploymentPostprocessing = 0;
		};
		B06C9CF1238E004D003F1E1B /* Resources */ = {
			isa = PBXResourcesBuildPhase;
			buildActionMask = 2147483647;
			files = (
			);
			runOnlyForDeploymentPostprocessing = 0;
		};
		B06C9CFC238E004D003F1E1B /* Resources */ = {
			isa = PBXResourcesBuildPhase;
			buildActionMask = 2147483647;
			files = (
			);
			runOnlyForDeploymentPostprocessing = 0;
		};
/* End PBXResourcesBuildPhase section */

/* Begin PBXSourcesBuildPhase section */
		B06C9CD4238E004C003F1E1B /* Sources */ = {
			isa = PBXSourcesBuildPhase;
			buildActionMask = 2147483647;
			files = (
				B06C9CE3238E004C003F1E1B /* ViewController.m in Sources */,
				B06C9CDD238E004C003F1E1B /* AppDelegate.m in Sources */,
				B06C9CEE238E004D003F1E1B /* main.m in Sources */,
				B06C9CE0238E004C003F1E1B /* SceneDelegate.m in Sources */,
			);
			runOnlyForDeploymentPostprocessing = 0;
		};
		B06C9CEF238E004D003F1E1B /* Sources */ = {
			isa = PBXSourcesBuildPhase;
			buildActionMask = 2147483647;
			files = (
				B06C9CF8238E004D003F1E1B /* JenkinsTestTests.m in Sources */,
			);
			runOnlyForDeploymentPostprocessing = 0;
		};
		B06C9CFA238E004D003F1E1B /* Sources */ = {
			isa = PBXSourcesBuildPhase;
			buildActionMask = 2147483647;
			files = (
				B06C9D03238E004D003F1E1B /* JenkinsTestUITests.m in Sources */,
			);
			runOnlyForDeploymentPostprocessing = 0;
		};
/* End PBXSourcesBuildPhase section */

/* Begin PBXTargetDependency section */
		B06C9CF5238E004D003F1E1B /* PBXTargetDependency */ = {
			isa = PBXTargetDependency;
			target = B06C9CD7238E004C003F1E1B /* JenkinsTest */;
			targetProxy = B06C9CF4238E004D003F1E1B /* PBXContainerItemProxy */;
		};
		B06C9D00238E004D003F1E1B /* PBXTargetDependency */ = {
			isa = PBXTargetDependency;
			target = B06C9CD7238E004C003F1E1B /* JenkinsTest */;
			targetProxy = B06C9CFF238E004D003F1E1B /* PBXContainerItemProxy */;
		};
/* End PBXTargetDependency section */

/* Begin PBXVariantGroup section */
		B06C9CE4238E004C003F1E1B /* Main.storyboard */ = {
			isa = PBXVariantGroup;
			children = (
				B06C9CE5238E004C003F1E1B /* Base */,
			);
			name = Main.storyboard;
			sourceTree = "<group>";
		};
		B06C9CE9238E004D003F1E1B /* LaunchScreen.storyboard */ = {
			isa = PBXVariantGroup;
			children = (
				B06C9CEA238E004D003F1E1B /* Base */,
			);
			name = LaunchScreen.storyboard;
			sourceTree = "<group>";
		};
/* End PBXVariantGroup section */

/* Begin XCBuildConfiguration section */
		B06C9D05238E004D003F1E1B /* Debug */ = {
			isa = XCBuildConfiguration;
			buildSettings = {
				ALWAYS_SEARCH_USER_PATHS = NO;
				CLANG_ANALYZER_NONNULL = YES;
				CLANG_ANALYZER_NUMBER_OBJECT_CONVERSION = YES_AGGRESSIVE;
				CLANG_CXX_LANGUAGE_STANDARD = "gnu++14";
				CLANG_CXX_LIBRARY = "libc++";
				CLANG_ENABLE_MODULES = YES;
				CLANG_ENABLE_OBJC_ARC = YES;
				CLANG_ENABLE_OBJC_WEAK = YES;
				CLANG_WARN_BLOCK_CAPTURE_AUTORELEASING = YES;
				CLANG_WARN_BOOL_CONVERSION = YES;
				CLANG_WARN_COMMA = YES;
				CLANG_WARN_CONSTANT_CONVERSION = YES;
				CLANG_WARN_DEPRECATED_OBJC_IMPLEMENTATIONS = YES;
				CLANG_WARN_DIRECT_OBJC_ISA_USAGE = YES_ERROR;
				CLANG_WARN_DOCUMENTATION_COMMENTS = YES;
				CLANG_WARN_EMPTY_BODY = YES;
				CLANG_WARN_ENUM_CONVERSION = YES;
				CLANG_WARN_INFINITE_RECURSION = YES;
				CLANG_WARN_INT_CONVERSION = YES;
				CLANG_WARN_NON_LITERAL_NULL_CONVERSION = YES;
				CLANG_WARN_OBJC_IMPLICIT_RETAIN_SELF = YES;
				CLANG_WARN_OBJC_LITERAL_CONVERSION = YES;
				CLANG_WARN_OBJC_ROOT_CLASS = YES_ERROR;
				CLANG_WARN_RANGE_LOOP_ANALYSIS = YES;
				CLANG_WARN_STRICT_PROTOTYPES = YES;
				CLANG_WARN_SUSPICIOUS_MOVE = YES;
				CLANG_WARN_UNGUARDED_AVAILABILITY = YES_AGGRESSIVE;
				CLANG_WARN_UNREACHABLE_CODE = YES;
				CLANG_WARN__DUPLICATE_METHOD_MATCH = YES;
				COPY_PHASE_STRIP = NO;
				DEBUG_INFORMATION_FORMAT = dwarf;
				ENABLE_STRICT_OBJC_MSGSEND = YES;
				ENABLE_TESTABILITY = YES;
				GCC_C_LANGUAGE_STANDARD = gnu11;
				GCC_DYNAMIC_NO_PIC = NO;
				GCC_NO_COMMON_BLOCKS = YES;
				GCC_OPTIMIZATION_LEVEL = 0;
				GCC_PREPROCESSOR_DEFINITIONS = (
					"DEBUG=1",
					"$(inherited)",
				);
				GCC_WARN_64_TO_32_BIT_CONVERSION = YES;
				GCC_WARN_ABOUT_RETURN_TYPE = YES_ERROR;
				GCC_WARN_UNDECLARED_SELECTOR = YES;
				GCC_WARN_UNINITIALIZED_AUTOS = YES_AGGRESSIVE;
				GCC_WARN_UNUSED_FUNCTION = YES;
				GCC_WARN_UNUSED_VARIABLE = YES;
				IPHONEOS_DEPLOYMENT_TARGET = 13.2;
				MTL_ENABLE_DEBUG_INFO = INCLUDE_SOURCE;
				MTL_FAST_MATH = YES;
				ONLY_ACTIVE_ARCH = YES;
				SDKROOT = iphoneos;
			};
			name = Debug;
		};
		B06C9D06238E004D003F1E1B /* Release */ = {
			isa = XCBuildConfiguration;
			buildSettings = {
				ALWAYS_SEARCH_USER_PATHS = NO;
				CLANG_ANALYZER_NONNULL = YES;
				CLANG_ANALYZER_NUMBER_OBJECT_CONVERSION = YES_AGGRESSIVE;
				CLANG_CXX_LANGUAGE_STANDARD = "gnu++14";
				CLANG_CXX_LIBRARY = "libc++";
				CLANG_ENABLE_MODULES = YES;
				CLANG_ENABLE_OBJC_ARC = YES;
				CLANG_ENABLE_OBJC_WEAK = YES;
				CLANG_WARN_BLOCK_CAPTURE_AUTORELEASING = YES;
				CLANG_WARN_BOOL_CONVERSION = YES;
				CLANG_WARN_COMMA = YES;
				CLANG_WARN_CONSTANT_CONVERSION = YES;
				CLANG_WARN_DEPRECATED_OBJC_IMPLEMENTATIONS = YES;
				CLANG_WARN_DIRECT_OBJC_ISA_USAGE = YES_ERROR;
				CLANG_WARN_DOCUMENTATION_COMMENTS = YES;
				CLANG_WARN_EMPTY_BODY = YES;
				CLANG_WARN_ENUM_CONVERSION = YES;
				CLANG_WARN_INFINITE_RECURSION = YES;
				CLANG_WARN_INT_CONVERSION = YES;
				CLANG_WARN_NON_LITERAL_NULL_CONVERSION = YES;
				CLANG_WARN_OBJC_IMPLICIT_RETAIN_SELF = YES;
				CLANG_WARN_OBJC_LITERAL_CONVERSION = YES;
				CLANG_WARN_OBJC_ROOT_CLASS = YES_ERROR;
				CLANG_WARN_RANGE_LOOP_ANALYSIS = YES;
				CLANG_WARN_STRICT_PROTOTYPES = YES;
				CLANG_WARN_SUSPICIOUS_MOVE = YES;
				CLANG_WARN_UNGUARDED_AVAILABILITY = YES_AGGRESSIVE;
				CLANG_WARN_UNREACHABLE_CODE = YES;
				CLANG_WARN__DUPLICATE_METHOD_MATCH = YES;
				COPY_PHASE_STRIP = NO;
				DEBUG_INFORMATION_FORMAT = "dwarf-with-dsym";
				ENABLE_NS_ASSERTIONS = NO;
				ENABLE_STRICT_OBJC_MSGSEND = YES;
				GCC_C_LANGUAGE_STANDARD = gnu11;
				GCC_NO_COMMON_BLOCKS = YES;
				GCC_WARN_64_TO_32_BIT_CONVERSION = YES;
				GCC_WARN_ABOUT_RETURN_TYPE = YES_ERROR;
				GCC_WARN_UNDECLARED_SELECTOR = YES;
				GCC_WARN_UNINITIALIZED_AUTOS = YES_AGGRESSIVE;
				GCC_WARN_UNUSED_FUNCTION = YES;
				GCC_WARN_UNUSED_VARIABLE = YES;
				IPHONEOS_DEPLOYMENT_TARGET = 13.2;
				MTL_ENABLE_DEBUG_INFO = NO;
				MTL_FAST_MATH = YES;
				SDKROOT = iphoneos;
				VALIDATE_PRODUCT = YES;
			};
			name = Release;
		};
		B06C9D08238E004D003F1E1B /* Debug */ = {
			isa = XCBuildConfiguration;
			buildSettings = {
				ASSETCATALOG_COMPILER_APPICON_NAME = AppIcon;
				CODE_SIGN_IDENTITY = "iPhone Developer";
				CODE_SIGN_STYLE = Manual;
				DEVELOPMENT_TEAM = SAN8WGKZLR;
				INFOPLIST_FILE = JenkinsTest/Info.plist;
				LD_RUNPATH_SEARCH_PATHS = (
					"$(inherited)",
					"@executable_path/Frameworks",
				);
				PRODUCT_BUNDLE_IDENTIFIER = com.SAICMAXU.JenkinsTest;
				PRODUCT_NAME = "$(TARGET_NAME)";
				PROVISIONING_PROFILE_SPECIFIER = "jenkins-dev";
				TARGETED_DEVICE_FAMILY = "1,2";
			};
			name = Debug;
		};
		B06C9D09238E004D003F1E1B /* Release */ = {
			isa = XCBuildConfiguration;
			buildSettings = {
				ASSETCATALOG_COMPILER_APPICON_NAME = AppIcon;
				CODE_SIGN_IDENTITY = "iPhone Distribution";
				CODE_SIGN_STYLE = Manual;
				DEVELOPMENT_TEAM = SAN8WGKZLR;
				INFOPLIST_FILE = JenkinsTest/Info.plist;
				LD_RUNPATH_SEARCH_PATHS = (
					"$(inherited)",
					"@executable_path/Frameworks",
				);
				PRODUCT_BUNDLE_IDENTIFIER = com.SAICMAXU.JenkinsTest;
				PRODUCT_NAME = "$(TARGET_NAME)";
				PROVISIONING_PROFILE_SPECIFIER = "Jenkins-dis";
				TARGETED_DEVICE_FAMILY = "1,2";
			};
			name = Release;
		};
		B06C9D0B238E004D003F1E1B /* Debug */ = {
			isa = XCBuildConfiguration;
			buildSettings = {
				BUNDLE_LOADER = "$(TEST_HOST)";
				CODE_SIGN_STYLE = Automatic;
				INFOPLIST_FILE = JenkinsTestTests/Info.plist;
				IPHONEOS_DEPLOYMENT_TARGET = 13.2;
				LD_RUNPATH_SEARCH_PATHS = (
					"$(inherited)",
					"@executable_path/Frameworks",
					"@loader_path/Frameworks",
				);
				PRODUCT_BUNDLE_IDENTIFIER = com.SAICMAXU.JenkinsTestTests;
				PRODUCT_NAME = "$(TARGET_NAME)";
				TARGETED_DEVICE_FAMILY = "1,2";
				TEST_HOST = "$(BUILT_PRODUCTS_DIR)/JenkinsTest.app/JenkinsTest";
			};
			name = Debug;
		};
		B06C9D0C238E004D003F1E1B /* Release */ = {
			isa = XCBuildConfiguration;
			buildSettings = {
				BUNDLE_LOADER = "$(TEST_HOST)";
				CODE_SIGN_STYLE = Automatic;
				INFOPLIST_FILE = JenkinsTestTests/Info.plist;
				IPHONEOS_DEPLOYMENT_TARGET = 13.2;
				LD_RUNPATH_SEARCH_PATHS = (
					"$(inherited)",
					"@executable_path/Frameworks",
					"@loader_path/Frameworks",
				);
				PRODUCT_BUNDLE_IDENTIFIER = com.SAICMAXU.JenkinsTestTests;
				PRODUCT_NAME = "$(TARGET_NAME)";
				TARGETED_DEVICE_FAMILY = "1,2";
				TEST_HOST = "$(BUILT_PRODUCTS_DIR)/JenkinsTest.app/JenkinsTest";
			};
			name = Release;
		};
		B06C9D0E238E004D003F1E1B /* Debug */ = {
			isa = XCBuildConfiguration;
			buildSettings = {
				CODE_SIGN_STYLE = Automatic;
				INFOPLIST_FILE = JenkinsTestUITests/Info.plist;
				LD_RUNPATH_SEARCH_PATHS = (
					"$(inherited)",
					"@executable_path/Frameworks",
					"@loader_path/Frameworks",
				);
				PRODUCT_BUNDLE_IDENTIFIER = com.SAICMAXU.JenkinsTestUITests;
				PRODUCT_NAME = "$(TARGET_NAME)";
				TARGETED_DEVICE_FAMILY = "1,2";
				TEST_TARGET_NAME = JenkinsTest;
			};
			name = Debug;
		};
		B06C9D0F238E004D003F1E1B /* Release */ = {
			isa = XCBuildConfiguration;
			buildSettings = {
				CODE_SIGN_STYLE = Automatic;
				INFOPLIST_FILE = JenkinsTestUITests/Info.plist;
				LD_RUNPATH_SEARCH_PATHS = (
					"$(inherited)",
					"@executable_path/Frameworks",
					"@loader_path/Frameworks",
				);
				PRODUCT_BUNDLE_IDENTIFIER = com.SAICMAXU.JenkinsTestUITests;
				PRODUCT_NAME = "$(TARGET_NAME)";
				TARGETED_DEVICE_FAMILY = "1,2";
				TEST_TARGET_NAME = JenkinsTest;
			};
			name = Release;
		};
/* End XCBuildConfiguration section */

/* Begin XCConfigurationList section */
		B06C9CD3238E004C003F1E1B /* Build configuration list for PBXProject "JenkinsTest" */ = {
			isa = XCConfigurationList;
			buildConfigurations = (
				B06C9D05238E004D003F1E1B /* Debug */,
				B06C9D06238E004D003F1E1B /* Release */,
			);
			defaultConfigurationIsVisible = 0;
			defaultConfigurationName = Release;
		};
		B06C9D07238E004D003F1E1B /* Build configuration list for PBXNativeTarget "JenkinsTest" */ = {
			isa = XCConfigurationList;
			buildConfigurations = (
				B06C9D08238E004D003F1E1B /* Debug */,
				B06C9D09238E004D003F1E1B /* Release */,
			);
			defaultConfigurationIsVisible = 0;
			defaultConfigurationName = Release;
		};
		B06C9D0A238E004D003F1E1B /* Build configuration list for PBXNativeTarget "JenkinsTestTests" */ = {
			isa = XCConfigurationList;
			buildConfigurations = (
				B06C9D0B238E004D003F1E1B /* Debug */,
				B06C9D0C238E004D003F1E1B /* Release */,
			);
			defaultConfigurationIsVisible = 0;
			defaultConfigurationName = Release;
		};
		B06C9D0D238E004D003F1E1B /* Build configuration list for PBXNativeTarget "JenkinsTestUITests" */ = {
			isa = XCConfigurationList;
			buildConfigurations = (
				B06C9D0E238E004D003F1E1B /* Debug */,
				B06C9D0F238E004D003F1E1B /* Release */,
			);
			defaultConfigurationIsVisible = 0;
			defaultConfigurationName = Release;
		};
/* End XCConfigurationList section */
	};
	rootObject = B06C9CD0238E004C003F1E1B /* Project object */;
}
